
Microsoft Visual Studio Solution File, Format Version 12.00
# Visual Studio Version 17
VisualStudioVersion = 17.9.34728.123
MinimumVisualStudioVersion = 10.0.40219.1
Project("{FAE04EC0-301F-11D3-BF4B-00C04F79EFBC}") = "TP4", "TP4\TP4.csproj", "{3B411A03-96B7-45AA-93F2-C8A886F0ADC2}"
EndProject
Global
	GlobalSection(SolutionConfigurationPlatforms) = preSolution
		Debug|Any CPU = Debug|Any CPU
		Release|Any CPU = Release|Any CPU
	EndGlobalSection
	GlobalSection(ProjectConfigurationPlatforms) = postSolution
		{3B411A03-96B7-45AA-93F2-C8A886F0ADC2}.Debug|Any CPU.ActiveCfg = Debug|Any CPU
		{3B411A03-96B7-45AA-93F2-C8A886F0ADC2}.Debug|Any CPU.Build.0 = Debug|Any CPU
		{3B411A03-96B7-45AA-93F2-C8A886F0ADC2}.Release|Any CPU.ActiveCfg = Release|Any CPU
		{3B411A03-96B7-45AA-93F2-C8A886F0ADC2}.Release|Any CPU.Build.0 = Release|Any CPU
	EndGlobalSection
	GlobalSection(SolutionProperties) = preSolution
		HideSolutionNode = FALSE
	EndGlobalSection
	GlobalSection(ExtensibilityGlobals) = postSolution
		SolutionGuid = {73283808-DDC5-42E2-9FFF-23CDE049DAD2}
	EndGlobalSection
EndGlobal
